hash: b1de08be00719c66952e1c879faeb56c481f7e56822249d47c0f60983e9519eb
updated: 2016-10-12T11:03:27.27494497+03:00
imports:
- name: github.com/go-ini/ini
  version: 6e4869b434bd001f6983749881c7ead3545887d8
- name: github.com/gorilla/context
  version: 08b5f424b9271eedf6f9f0ce86cb9396ed337a42
- name: github.com/gorilla/mux
  version: 0eeaf8392f5b04950925b8a69fe70f110fa7cbfc
- name: github.com/jingweno/negroni-gorelic
  version: 0547cdd62f4b911984d435279bd46b4d1a580823
- name: github.com/phyber/negroni-gzip
  version: 13f05ed68248e012fcc773ecd829abcc0bb3abd8
  subpackages:
  - gzip
- name: github.com/unrolled/secure
  version: 32b1280f0305471a0e32abc2b9678621789bb4b0
- name: github.com/urfave/negroni
  version: fde5e16d32adc7ad637e9cd9ad21d4ebc6192535
- name: github.com/yvasiyarov/go-metrics
  version: c25f46c4b94079672242ec48a545e7ca9ebe3aec
- name: github.com/yvasiyarov/gorelic
  version: ae09aa139a2b7f638e2412baceaceebd41eff115
- name: github.com/yvasiyarov/newrelic_platform_go
  version: 9c099fbc30e90de5bb5c5f94aa5fd08f2daeaacd
testImports: []
